
Microsoft Visual Studio Solution File, Format Version 11.00
# Visual Studio 2010
Project("{FAE04EC0-301F-11D3-BF4B-00C04F79EFBC}") = "UniRx", "UniRx.csproj", "{de89b6e5-25cd-b7d3-e18a-2471847ace4d}"
EndProject
Project("{FAE04EC0-301F-11D3-BF4B-00C04F79EFBC}") = "UniRx.Examples", "UniRx.Examples.csproj", "{6bae9d3a-eaff-dac0-fb74-d7a4937d4293}"
EndProject
Project("{FAE04EC0-301F-11D3-BF4B-00C04F79EFBC}") = "Assembly-CSharp", "Assembly-CSharp.csproj", "{ad067d3d-ec19-ce41-ccf7-683f7ef4ce4e}"
EndProject
Project("{FAE04EC0-301F-11D3-BF4B-00C04F79EFBC}") = "Assembly-CSharp-Editor", "Assembly-CSharp-Editor.csproj", "{b3d3a298-2793-a200-4a55-8137cecdc1e2}"
EndProject
Global
	GlobalSection(SolutionConfigurationPlatforms) = preSolution
		Debug|Any CPU = Debug|Any CPU
		Release|Any CPU = Release|Any CPU
	EndGlobalSection
	GlobalSection(ProjectConfigurationPlatforms) = postSolution
		{de89b6e5-25cd-b7d3-e18a-2471847ace4d}.Debug|Any CPU.ActiveCfg = Debug|Any CPU
		{de89b6e5-25cd-b7d3-e18a-2471847ace4d}.Debug|Any CPU.Build.0 = Debug|Any CPU
		{de89b6e5-25cd-b7d3-e18a-2471847ace4d}.Release|Any CPU.ActiveCfg = Release|Any CPU
		{de89b6e5-25cd-b7d3-e18a-2471847ace4d}.Release|Any CPU.Build.0 = Release|Any CPU
		{6bae9d3a-eaff-dac0-fb74-d7a4937d4293}.Debug|Any CPU.ActiveCfg = Debug|Any CPU
		{6bae9d3a-eaff-dac0-fb74-d7a4937d4293}.Debug|Any CPU.Build.0 = Debug|Any CPU
		{6bae9d3a-eaff-dac0-fb74-d7a4937d4293}.Release|Any CPU.ActiveCfg = Release|Any CPU
		{6bae9d3a-eaff-dac0-fb74-d7a4937d4293}.Release|Any CPU.Build.0 = Release|Any CPU
		{ad067d3d-ec19-ce41-ccf7-683f7ef4ce4e}.Debug|Any CPU.ActiveCfg = Debug|Any CPU
		{ad067d3d-ec19-ce41-ccf7-683f7ef4ce4e}.Debug|Any CPU.Build.0 = Debug|Any CPU
		{ad067d3d-ec19-ce41-ccf7-683f7ef4ce4e}.Release|Any CPU.ActiveCfg = Release|Any CPU
		{ad067d3d-ec19-ce41-ccf7-683f7ef4ce4e}.Release|Any CPU.Build.0 = Release|Any CPU
		{b3d3a298-2793-a200-4a55-8137cecdc1e2}.Debug|Any CPU.ActiveCfg = Debug|Any CPU
		{b3d3a298-2793-a200-4a55-8137cecdc1e2}.Debug|Any CPU.Build.0 = Debug|Any CPU
		{b3d3a298-2793-a200-4a55-8137cecdc1e2}.Release|Any CPU.ActiveCfg = Release|Any CPU
		{b3d3a298-2793-a200-4a55-8137cecdc1e2}.Release|Any CPU.Build.0 = Release|Any CPU
	EndGlobalSection
	GlobalSection(SolutionProperties) = preSolution
		HideSolutionNode = FALSE
	EndGlobalSection
EndGlobal
